// !$*UTF8*$!
{
	archiveVersion = 1;
	classes = {
	};
	objectVersion = 46;
	objects = {

/* Begin PBXBuildFile section */
		3B42F8A01AADB71A00ED0A2A /* AppDelegate.swift in Sources */ = {isa = PBXBuildFile; fileRef = 3B42F89F1AADB71A00ED0A2A /* AppDelegate.swift */; };
		3B42F8A21AADB71A00ED0A2A /* ViewController.swift in Sources */ = {isa = PBXBuildFile; fileRef = 3B42F8A11AADB71A00ED0A2A /* ViewController.swift */; };
		3B42F8A51AADB71A00ED0A2A /* Main.storyboard in Resources */ = {isa = PBXBuildFile; fileRef = 3B42F8A31AADB71A00ED0A2A /* Main.storyboard */; };
		3B42F8A71AADB71A00ED0A2A /* Images.xcassets in Resources */ = {isa = PBXBuildFile; fileRef = 3B42F8A61AADB71A00ED0A2A /* Images.xcassets */; };
		3B42F8AA1AADB71A00ED0A2A /* LaunchScreen.xib in Resources */ = {isa = PBXBuildFile; fileRef = 3B42F8A81AADB71A00ED0A2A /* LaunchScreen.xib */; };
		3B42F8B61AADB71A00ED0A2A /* SwiftRefreshControlTests.swift in Sources */ = {isa = PBXBuildFile; fileRef = 3B42F8B51AADB71A00ED0A2A /* SwiftRefreshControlTests.swift */; };
		3B42F8C01AADB81200ED0A2A /* RefreshControl.swift in Sources */ = {isa = PBXBuildFile; fileRef = 3B42F8BF1AADB81200ED0A2A /* RefreshControl.swift */; };
		3B42F8C21AADB8E700ED0A2A /* RefreshView.xib in Resources */ = {isa = PBXBuildFile; fileRef = 3B42F8C11AADB8E700ED0A2A /* RefreshView.xib */; };
/* End PBXBuildFile section */

/* Begin PBXContainerItemProxy section */
		3B42F8B01AADB71A00ED0A2A /* PBXContainerItemProxy */ = {
			isa = PBXContainerItemProxy;
			containerPortal = 3B42F8921AADB71A00ED0A2A /* Project object */;
			proxyType = 1;
			remoteGlobalIDString = 3B42F8991AADB71A00ED0A2A;
			remoteInfo = SwiftRefreshControl;
		};
/* End PBXContainerItemProxy section */

/* Begin PBXFileReference section */
		3B42F89A1AADB71A00ED0A2A /* SwiftRefreshControl.app */ = {isa = PBXFileReference; explicitFileType = wrapper.application; includeInIndex = 0; path = SwiftRefreshControl.app; sourceTree = BUILT_PRODUCTS_DIR; };
		3B42F89E1AADB71A00ED0A2A /* Info.plist */ = {isa = PBXFileReference; lastKnownFileType = text.plist.xml; path = Info.plist; sourceTree = "<group>"; };
		3B42F89F1AADB71A00ED0A2A /* AppDelegate.swift */ = {isa = PBXFileReference; lastKnownFileType = sourcecode.swift; path = AppDelegate.swift; sourceTree = "<group>"; };
		3B42F8A11AADB71A00ED0A2A /* ViewController.swift */ = {isa = PBXFileReference; lastKnownFileType = sourcecode.swift; path = ViewController.swift; sourceTree = "<group>"; };
		3B42F8A41AADB71A00ED0A2A /* Base */ = {isa = PBXFileReference; lastKnownFileType = file.storyboard; name = Base; path = Base.lproj/Main.storyboard; sourceTree = "<group>"; };
		3B42F8A61AADB71A00ED0A2A /* Images.xcassets */ = {isa = PBXFileReference; lastKnownFileType = folder.assetcatalog; path = Images.xcassets; sourceTree = "<group>"; };
		3B42F8A91AADB71A00ED0A2A /* Base */ = {isa = PBXFileReference; lastKnownFileType = file.xib; name = Base; path = Base.lproj/LaunchScreen.xib; sourceTree = "<group>"; };
		3B42F8AF1AADB71A00ED0A2A /* SwiftRefreshControlTests.xctest */ = {isa = PBXFileReference; explicitFileType = wrapper.cfbundle; includeInIndex = 0; path = SwiftRefreshControlTests.xctest; sourceTree = BUILT_PRODUCTS_DIR; };
		3B42F8B41AADB71A00ED0A2A /* Info.plist */ = {isa = PBXFileReference; lastKnownFileType = text.plist.xml; path = Info.plist; sourceTree = "<group>"; };
		3B42F8B51AADB71A00ED0A2A /* SwiftRefreshControlTests.swift */ = {isa = PBXFileReference; lastKnownFileType = sourcecode.swift; path = SwiftRefreshControlTests.swift; sourceTree = "<group>"; };
		3B42F8BF1AADB81200ED0A2A /* RefreshControl.swift */ = {isa = PBXFileReference; fileEncoding = 4; lastKnownFileType = sourcecode.swift; path = RefreshControl.swift; sourceTree = "<group>"; };
		3B42F8C11AADB8E700ED0A2A /* RefreshView.xib */ = {isa = PBXFileReference; fileEncoding = 4; lastKnownFileType = file.xib; path = RefreshView.xib; sourceTree = "<group>"; };
/* End PBXFileReference section */

/* Begin PBXFrameworksBuildPhase section */
		3B42F8971AADB71A00ED0A2A /* Frameworks */ = {
			isa = PBXFrameworksBuildPhase;
			buildActionMask = 2147483647;
			files = (
			);
			runOnlyForDeploymentPostprocessing = 0;
		};
		3B42F8AC1AADB71A00ED0A2A /* Frameworks */ = {
			isa = PBXFrameworksBuildPhase;
			buildActionMask = 2147483647;
			files = (
			);
			runOnlyForDeploymentPostprocessing = 0;
		};
/* End PBXFrameworksBuildPhase section */

/* Begin PBXGroup section */
		3B42F8911AADB71A00ED0A2A = {
			isa = PBXGroup;
			children = (
				3B42F89C1AADB71A00ED0A2A /* SwiftRefreshControl */,
				3B42F8B21AADB71A00ED0A2A /* SwiftRefreshControlTests */,
				3B42F89B1AADB71A00ED0A2A /* Products */,
			);
			sourceTree = "<group>";
		};
		3B42F89B1AADB71A00ED0A2A /* Products */ = {
			isa = PBXGroup;
			children = (
				3B42F89A1AADB71A00ED0A2A /* SwiftRefreshControl.app */,
				3B42F8AF1AADB71A00ED0A2A /* SwiftRefreshControlTests.xctest */,
			);
			name = Products;
			sourceTree = "<group>";
		};
		3B42F89C1AADB71A00ED0A2A /* SwiftRefreshControl */ = {
			isa = PBXGroup;
			children = (
				3B42F89F1AADB71A00ED0A2A /* AppDelegate.swift */,
				3B42F8A11AADB71A00ED0A2A /* ViewController.swift */,
				3B42F8A31AADB71A00ED0A2A /* Main.storyboard */,
				3B42F8BF1AADB81200ED0A2A /* RefreshControl.swift */,
				3B42F8C11AADB8E700ED0A2A /* RefreshView.xib */,
				3B42F8A61AADB71A00ED0A2A /* Images.xcassets */,
				3B42F8A81AADB71A00ED0A2A /* LaunchScreen.xib */,
				3B42F89D1AADB71A00ED0A2A /* Supporting Files */,
			);
			path = SwiftRefreshControl;
			sourceTree = "<group>";
		};
		3B42F89D1AADB71A00ED0A2A /* Supporting Files */ = {
			isa = PBXGroup;
			children = (
				3B42F89E1AADB71A00ED0A2A /* Info.plist */,
			);
			name = "Supporting Files";
			sourceTree = "<group>";
		};
		3B42F8B21AADB71A00ED0A2A /* SwiftRefreshControlTests */ = {
			isa = PBXGroup;
			children = (
				3B42F8B51AADB71A00ED0A2A /* SwiftRefreshControlTests.swift */,
				3B42F8B31AADB71A00ED0A2A /* Supporting Files */,
			);
			path = SwiftRefreshControlTests;
			sourceTree = "<group>";
		};
		3B42F8B31AADB71A00ED0A2A /* Supporting Files */ = {
			isa = PBXGroup;
			children = (
				3B42F8B41AADB71A00ED0A2A /* Info.plist */,
			);
			name = "Supporting Files";
			sourceTree = "<group>";
		};
/* End PBXGroup section */

/* Begin PBXNativeTarget section */
		3B42F8991AADB71A00ED0A2A /* SwiftRefreshControl */ = {
			isa = PBXNativeTarget;
			buildConfigurationList = 3B42F8B91AADB71A00ED0A2A /* Build configuration list for PBXNativeTarget "SwiftRefreshControl" */;
			buildPhases = (
				3B42F8961AADB71A00ED0A2A /* Sources */,
				3B42F8971AADB71A00ED0A2A /* Frameworks */,
				3B42F8981AADB71A00ED0A2A /* Resources */,
			);
			buildRules = (
			);
			dependencies = (
			);
			name = SwiftRefreshControl;
			productName = SwiftRefreshControl;
			productReference = 3B42F89A1AADB71A00ED0A2A /* SwiftRefreshControl.app */;
			productType = "com.apple.product-type.application";
		};
		3B42F8AE1AADB71A00ED0A2A /* SwiftRefreshControlTests */ = {
			isa = PBXNativeTarget;
			buildConfigurationList = 3B42F8BC1AADB71A00ED0A2A /* Build configuration list for PBXNativeTarget "SwiftRefreshControlTests" */;
			buildPhases = (
				3B42F8AB1AADB71A00ED0A2A /* Sources */,
				3B42F8AC1AADB71A00ED0A2A /* Frameworks */,
				3B42F8AD1AADB71A00ED0A2A /* Resources */,
			);
			buildRules = (
			);
			dependencies = (
				3B42F8B11AADB71A00ED0A2A /* PBXTargetDependency */,
			);
			name = SwiftRefreshControlTests;
			productName = SwiftRefreshControlTests;
			productReference = 3B42F8AF1AADB71A00ED0A2A /* SwiftRefreshControlTests.xctest */;
			productType = "com.apple.product-type.bundle.unit-test";
		};
/* End PBXNativeTarget section */

/* Begin PBXProject section */
		3B42F8921AADB71A00ED0A2A /* Project object */ = {
			isa = PBXProject;
			attributes = {
				LastUpgradeCheck = 0630;
				ORGANIZATIONNAME = Tarol;
				TargetAttributes = {
					3B42F8991AADB71A00ED0A2A = {
						CreatedOnToolsVersion = 6.3;
					};
					3B42F8AE1AADB71A00ED0A2A = {
						CreatedOnToolsVersion = 6.3;
						TestTargetID = 3B42F8991AADB71A00ED0A2A;
					};
				};
			};
			buildConfigurationList = 3B42F8951AADB71A00ED0A2A /* Build configuration list for PBXProject "SwiftRefreshControl" */;
			compatibilityVersion = "Xcode 3.2";
			developmentRegion = English;
			hasScannedForEncodings = 0;
			knownRegions = (
				en,
				Base,
			);
			mainGroup = 3B42F8911AADB71A00ED0A2A;
			productRefGroup = 3B42F89B1AADB71A00ED0A2A /* Products */;
			projectDirPath = "";
			projectRoot = "";
			targets = (
				3B42F8991AADB71A00ED0A2A /* SwiftRefreshControl */,
				3B42F8AE1AADB71A00ED0A2A /* SwiftRefreshControlTests */,
			);
		};
/* End PBXProject section */

/* Begin PBXResourcesBuildPhase section */
		3B42F8981AADB71A00ED0A2A /* Resources */ = {
			isa = PBXResourcesBuildPhase;
			buildActionMask = 2147483647;
			files = (
				3B42F8A51AADB71A00ED0A2A /* Main.storyboard in Resources */,
				3B42F8AA1AADB71A00ED0A2A /* LaunchScreen.xib in Resources */,
				3B42F8C21AADB8E700ED0A2A /* RefreshView.xib in Resources */,
				3B42F8A71AADB71A00ED0A2A /* Images.xcassets in Resources */,
			);
			runOnlyForDeploymentPostprocessing = 0;
		};
		3B42F8AD1AADB71A00ED0A2A /* Resources */ = {
			isa = PBXResourcesBuildPhase;
			buildActionMask = 2147483647;
			files = (
			);
			runOnlyForDeploymentPostprocessing = 0;
		};
/* End PBXResourcesBuildPhase section */

/* Begin PBXSourcesBuildPhase section */
		3B42F8961AADB71A00ED0A2A /* Sources */ = {
			isa = PBXSourcesBuildPhase;
			buildActionMask = 2147483647;
			files = (
				3B42F8C01AADB81200ED0A2A /* RefreshControl.swift in Sources */,
				3B42F8A21AADB71A00ED0A2A /* ViewController.swift in Sources */,
				3B42F8A01AADB71A00ED0A2A /* AppDelegate.swift in Sources */,
			);
			runOnlyForDeploymentPostprocessing = 0;
		};
		3B42F8AB1AADB71A00ED0A2A /* Sources */ = {
			isa = PBXSourcesBuildPhase;
			buildActionMask = 2147483647;
			files = (
				3B42F8B61AADB71A00ED0A2A /* SwiftRefreshControlTests.swift in Sources */,
			);
			runOnlyForDeploymentPostprocessing = 0;
		};
/* End PBXSourcesBuildPhase section */

/* Begin PBXTargetDependency section */
		3B42F8B11AADB71A00ED0A2A /* PBXTargetDependency */ = {
			isa = PBXTargetDependency;
			target = 3B42F8991AADB71A00ED0A2A /* SwiftRefreshControl */;
			targetProxy = 3B42F8B01AADB71A00ED0A2A /* PBXContainerItemProxy */;
		};
/* End PBXTargetDependency section */

/* Begin PBXVariantGroup section */
		3B42F8A31AADB71A00ED0A2A /* Main.storyboard */ = {
			isa = PBXVariantGroup;
			children = (
				3B42F8A41AADB71A00ED0A2A /* Base */,
			);
			name = Main.storyboard;
			sourceTree = "<group>";
		};
		3B42F8A81AADB71A00ED0A2A /* LaunchScreen.xib */ = {
			isa = PBXVariantGroup;
			children = (
				3B42F8A91AADB71A00ED0A2A /* Base */,
			);
			name = LaunchScreen.xib;
			sourceTree = "<group>";
		};
/* End PBXVariantGroup section */

/* Begin XCBuildConfiguration section */
		3B42F8B71AADB71A00ED0A2A /* Debug */ = {
			isa = XCBuildConfiguration;
			buildSettings = {
				ALWAYS_SEARCH_USER_PATHS = NO;
				CLANG_CXX_LANGUAGE_STANDARD = "gnu++0x";
				CLANG_CXX_LIBRARY = "libc++";
				CLANG_ENABLE_MODULES = YES;
				CLANG_ENABLE_OBJC_ARC = YES;
				CLANG_WARN_BOOL_CONVERSION = YES;
				CLANG_WARN_CONSTANT_CONVERSION = YES;
				CLANG_WARN_DIRECT_OBJC_ISA_USAGE = YES_ERROR;
				CLANG_WARN_EMPTY_BODY = YES;
				CLANG_WARN_ENUM_CONVERSION = YES;
				CLANG_WARN_INT_CONVERSION = YES;
				CLANG_WARN_OBJC_ROOT_CLASS = YES_ERROR;
				CLANG_WARN_UNREACHABLE_CODE = YES;
				CLANG_WARN__DUPLICATE_METHOD_MATCH = YES;
				"CODE_SIGN_IDENTITY[sdk=iphoneos*]" = "iPhone Developer";
				COPY_PHASE_STRIP = NO;
				DEBUG_INFORMATION_FORMAT = dwarf;
				ENABLE_STRICT_OBJC_MSGSEND = YES;
				GCC_C_LANGUAGE_STANDARD = gnu99;
				GCC_DYNAMIC_NO_PIC = NO;
				GCC_NO_COMMON_BLOCKS = YES;
				GCC_OPTIMIZATION_LEVEL = 0;
				GCC_PREPROCESSOR_DEFINITIONS = (
					"DEBUG=1",
					"$(inherited)",
				);
				GCC_SYMBOLS_PRIVATE_EXTERN = NO;
				GCC_WARN_64_TO_32_BIT_CONVERSION = YES;
				GCC_WARN_ABOUT_RETURN_TYPE = YES_ERROR;
				GCC_WARN_UNDECLARED_SELECTOR = YES;
				GCC_WARN_UNINITIALIZED_AUTOS = YES_AGGRESSIVE;
				GCC_WARN_UNUSED_FUNCTION = YES;
				GCC_WARN_UNUSED_VARIABLE = YES;
				IPHONEOS_DEPLOYMENT_TARGET = 8.3;
				MTL_ENABLE_DEBUG_INFO = YES;
				ONLY_ACTIVE_ARCH = YES;
				SDKROOT = iphoneos;
				SWIFT_OPTIMIZATION_LEVEL = "-Onone";
			};
			name = Debug;
		};
		3B42F8B81AADB71A00ED0A2A /* Release */ = {
			isa = XCBuildConfiguration;
			buildSettings = {
				ALWAYS_SEARCH_USER_PATHS = NO;
				CLANG_CXX_LANGUAGE_STANDARD = "gnu++0x";
				CLANG_CXX_LIBRARY = "libc++";
				CLANG_ENABLE_MODULES = YES;
				CLANG_ENABLE_OBJC_ARC = YES;
				CLANG_WARN_BOOL_CONVERSION = YES;
				CLANG_WARN_CONSTANT_CONVERSION = YES;
				CLANG_WARN_DIRECT_OBJC_ISA_USAGE = YES_ERROR;
				CLANG_WARN_EMPTY_BODY = YES;
				CLANG_WARN_ENUM_CONVERSION = YES;
				CLANG_WARN_INT_CONVERSION = YES;
				CLANG_WARN_OBJC_ROOT_CLASS = YES_ERROR;
				CLANG_WARN_UNREACHABLE_CODE = YES;
				CLANG_WARN__DUPLICATE_METHOD_MATCH = YES;
				"CODE_SIGN_IDENTITY[sdk=iphoneos*]" = "iPhone Developer";
				COPY_PHASE_STRIP = NO;
				DEBUG_INFORMATION_FORMAT = "dwarf-with-dsym";
				ENABLE_NS_ASSERTIONS = NO;
				ENABLE_STRICT_OBJC_MSGSEND = YES;
				GCC_C_LANGUAGE_STANDARD = gnu99;
				GCC_NO_COMMON_BLOCKS = YES;
				GCC_WARN_64_TO_32_BIT_CONVERSION = YES;
				GCC_WARN_ABOUT_RETURN_TYPE = YES_ERROR;
				GCC_WARN_UNDECLARED_SELECTOR = YES;
				GCC_WARN_UNINITIALIZED_AUTOS = YES_AGGRESSIVE;
				GCC_WARN_UNUSED_FUNCTION = YES;
				GCC_WARN_UNUSED_VARIABLE = YES;
				IPHONEOS_DEPLOYMENT_TARGET = 8.3;
				MTL_ENABLE_DEBUG_INFO = NO;
				SDKROOT = iphoneos;
				VALIDATE_PRODUCT = YES;
			};
			name = Release;
		};
		3B42F8BA1AADB71A00ED0A2A /* Debug */ = {
			isa = XCBuildConfiguration;
			buildSettings = {
				ASSETCATALOG_COMPILER_APPICON_NAME = AppIcon;
				INFOPLIST_FILE = SwiftRefreshControl/Info.plist;
				LD_RUNPATH_SEARCH_PATHS = "$(inherited) @executable_path/Frameworks";
				PRODUCT_NAME = "$(TARGET_NAME)";
			};
			name = Debug;
		};
		3B42F8BB1AADB71A00ED0A2A /* Release */ = {
			isa = XCBuildConfiguration;
			buildSettings = {
				ASSETCATALOG_COMPILER_APPICON_NAME = AppIcon;
				INFOPLIST_FILE = SwiftRefreshControl/Info.plist;
				LD_RUNPATH_SEARCH_PATHS = "$(inherited) @executable_path/Frameworks";
				PRODUCT_NAME = "$(TARGET_NAME)";
			};
			name = Release;
		};
		3B42F8BD1AADB71A00ED0A2A /* Debug */ = {
			isa = XCBuildConfiguration;
			buildSettings = {
				BUNDLE_LOADER = "$(TEST_HOST)";
				FRAMEWORK_SEARCH_PATHS = (
					"$(SDKROOT)/Developer/Library/Frameworks",
					"$(inherited)",
				);
				GCC_PREPROCESSOR_DEFINITIONS = (
					"DEBUG=1",
					"$(inherited)",
				);
				INFOPLIST_FILE = SwiftRefreshControlTests/Info.plist;
				LD_RUNPATH_SEARCH_PATHS = "$(inherited) @executable_path/Frameworks @loader_path/Frameworks";
				PRODUCT_NAME = "$(TARGET_NAME)";
				TEST_HOST = "$(BUILT_PRODUCTS_DIR)/SwiftRefreshControl.app/SwiftRefreshControl";
			};
			name = Debug;
		};
		3B42F8BE1AADB71A00ED0A2A /* Release */ = {
			isa = XCBuildConfiguration;
			buildSettings = {
				BUNDLE_LOADER = "$(TEST_HOST)";
				FRAMEWORK_SEARCH_PATHS = (
					"$(SDKROOT)/Developer/Library/Frameworks",
					"$(inherited)",
				);
				INFOPLIST_FILE = SwiftRefreshControlTests/Info.plist;
				LD_RUNPATH_SEARCH_PATHS = "$(inherited) @executable_path/Frameworks @loader_path/Frameworks";
				PRODUCT_NAME = "$(TARGET_NAME)";
				TEST_HOST = "$(BUILT_PRODUCTS_DIR)/SwiftRefreshControl.app/SwiftRefreshControl";
			};
			name = Release;
		};
/* End XCBuildConfiguration section */

/* Begin XCConfigurationList section */
		3B42F8951AADB71A00ED0A2A /* Build configuration list for PBXProject "SwiftRefreshControl" */ = {
			isa = XCConfigurationList;
			buildConfigurations = (
				3B42F8B71AADB71A00ED0A2A /* Debug */,
				3B42F8B81AADB71A00ED0A2A /* Release */,
			);
			defaultConfigurationIsVisible = 0;
			defaultConfigurationName = Release;
		};
		3B42F8B91AADB71A00ED0A2A /* Build configuration list for PBXNativeTarget "SwiftRefreshControl" */ = {
			isa = XCConfigurationList;
			buildConfigurations = (
				3B42F8BA1AADB71A00ED0A2A /* Debug */,
				3B42F8BB1AADB71A00ED0A2A /* Release */,
			);
			defaultConfigurationIsVisible = 0;
		};
		3B42F8BC1AADB71A00ED0A2A /* Build configuration list for PBXNativeTarget "SwiftRefreshControlTests" */ = {
			isa = XCConfigurationList;
			buildConfigurations = (
				3B42F8BD1AADB71A00ED0A2A /* Debug */,
				3B42F8BE1AADB71A00ED0A2A /* Release */,
			);
			defaultConfigurationIsVisible = 0;
		};
/* End XCConfigurationList section */
	};
	rootObject = 3B42F8921AADB71A00ED0A2A /* Project object */;
}
